
Microsoft Visual Studio Solution File, Format Version 12.00
# Visual Studio Version 16
VisualStudioVersion = 16.0.32002.261
MinimumVisualStudioVersion = 10.0.40219.1
Project("{FAE04EC0-301F-11D3-BF4B-00C04F79EFBC}") = "EokulProjesiEntityLinq", "EokulProjesiEntityLinq\EokulProjesiEntityLinq.csproj", "{18F0E58D-B787-4819-BAD3-2793C734560E}"
EndProject
Global
	GlobalSection(SolutionConfigurationPlatforms) = preSolution
		Debug|Any CPU = Debug|Any CPU
		Release|Any CPU = Release|Any CPU
	EndGlobalSection
	GlobalSection(ProjectConfigurationPlatforms) = postSolution
		{18F0E58D-B787-4819-BAD3-2793C734560E}.Debug|Any CPU.ActiveCfg = Debug|Any CPU
		{18F0E58D-B787-4819-BAD3-2793C734560E}.Debug|Any CPU.Build.0 = Debug|Any CPU
		{18F0E58D-B787-4819-BAD3-2793C734560E}.Release|Any CPU.ActiveCfg = Release|Any CPU
		{18F0E58D-B787-4819-BAD3-2793C734560E}.Release|Any CPU.Build.0 = Release|Any CPU
	EndGlobalSection
	GlobalSection(SolutionProperties) = preSolution
		HideSolutionNode = FALSE
	EndGlobalSection
	GlobalSection(ExtensibilityGlobals) = postSolution
		SolutionGuid = {6D7E45D9-5AE5-4055-A023-6B12FCBE5C8A}
	EndGlobalSection
EndGlobal
